
Microsoft Visual Studio Solution File, Format Version 12.00
# Visual Studio Version 17
VisualStudioVersion = 17.2.32516.85
MinimumVisualStudioVersion = 10.0.40219.1
Project("{FAE04EC0-301F-11D3-BF4B-00C04F79EFBC}") = "ShapeMoverView", "ShapeMoverView\ShapeMoverView.csproj", "{678E2C79-47D2-477B-BD54-BAAA7D582BAC}"
EndProject
Project("{FAE04EC0-301F-11D3-BF4B-00C04F79EFBC}") = "ViewModels", "ViewModels\ViewModels.csproj", "{B9F167E2-EAAC-45A7-BEF0-58BA63832489}"
EndProject
Project("{FAE04EC0-301F-11D3-BF4B-00C04F79EFBC}") = "Models", "Models\Models.csproj", "{CEC9D7C8-C573-4598-8A14-A1F6A3D438A1}"
EndProject
Global
	GlobalSection(SolutionConfigurationPlatforms) = preSolution
		Debug|Any CPU = Debug|Any CPU
		Release|Any CPU = Release|Any CPU
	EndGlobalSection
	GlobalSection(ProjectConfigurationPlatforms) = postSolution
		{678E2C79-47D2-477B-BD54-BAAA7D582BAC}.Debug|Any CPU.ActiveCfg = Debug|Any CPU
		{678E2C79-47D2-477B-BD54-BAAA7D582BAC}.Debug|Any CPU.Build.0 = Debug|Any CPU
		{678E2C79-47D2-477B-BD54-BAAA7D582BAC}.Release|Any CPU.ActiveCfg = Release|Any CPU
		{678E2C79-47D2-477B-BD54-BAAA7D582BAC}.Release|Any CPU.Build.0 = Release|Any CPU
		{B9F167E2-EAAC-45A7-BEF0-58BA63832489}.Debug|Any CPU.ActiveCfg = Debug|Any CPU
		{B9F167E2-EAAC-45A7-BEF0-58BA63832489}.Debug|Any CPU.Build.0 = Debug|Any CPU
		{B9F167E2-EAAC-45A7-BEF0-58BA63832489}.Release|Any CPU.ActiveCfg = Release|Any CPU
		{B9F167E2-EAAC-45A7-BEF0-58BA63832489}.Release|Any CPU.Build.0 = Release|Any CPU
		{CEC9D7C8-C573-4598-8A14-A1F6A3D438A1}.Debug|Any CPU.ActiveCfg = Debug|Any CPU
		{CEC9D7C8-C573-4598-8A14-A1F6A3D438A1}.Debug|Any CPU.Build.0 = Debug|Any CPU
		{CEC9D7C8-C573-4598-8A14-A1F6A3D438A1}.Release|Any CPU.ActiveCfg = Release|Any CPU
		{CEC9D7C8-C573-4598-8A14-A1F6A3D438A1}.Release|Any CPU.Build.0 = Release|Any CPU
	EndGlobalSection
	GlobalSection(SolutionProperties) = preSolution
		HideSolutionNode = FALSE
	EndGlobalSection
	GlobalSection(ExtensibilityGlobals) = postSolution
		SolutionGuid = {1E28A26C-3191-480D-A59B-05DE26D9A7B9}
	EndGlobalSection
EndGlobal
